// !$*UTF8*$!
{
	archiveVersion = 1;
	classes = {
	};
	objectVersion = 51;
	objects = {

/* Begin PBXBuildFile section */
		450B184724EE3C3700828570 /* AddTrackCell.swift in Sources */ = {isa = PBXBuildFile; fileRef = 450B184624EE3C3700828570 /* AddTrackCell.swift */; };
		4543B4A124C4E5AF00081BB5 /* AppDelegate.swift in Sources */ = {isa = PBXBuildFile; fileRef = 4543B4A024C4E5AF00081BB5 /* AppDelegate.swift */; };
		4543B4A324C4E5AF00081BB5 /* SceneDelegate.swift in Sources */ = {isa = PBXBuildFile; fileRef = 4543B4A224C4E5AF00081BB5 /* SceneDelegate.swift */; };
		4543B4A524C4E5AF00081BB5 /* ViewController.swift in Sources */ = {isa = PBXBuildFile; fileRef = 4543B4A424C4E5AF00081BB5 /* ViewController.swift */; };
		4543B4AA24C4E5B300081BB5 /* Assets.xcassets in Resources */ = {isa = PBXBuildFile; fileRef = 4543B4A924C4E5B300081BB5 /* Assets.xcassets */; };
		4543B4AD24C4E5B300081BB5 /* LaunchScreen.storyboard in Resources */ = {isa = PBXBuildFile; fileRef = 4543B4AB24C4E5B300081BB5 /* LaunchScreen.storyboard */; };
		4543B4B524C4EDA600081BB5 /* Colors.swift in Sources */ = {isa = PBXBuildFile; fileRef = 4543B4B424C4EDA600081BB5 /* Colors.swift */; };
		4543B4B724C4F4F100081BB5 /* Sizing.swift in Sources */ = {isa = PBXBuildFile; fileRef = 4543B4B624C4F4F100081BB5 /* Sizing.swift */; };
		4543B4BD24C81C3F00081BB5 /* RecordingsView.swift in Sources */ = {isa = PBXBuildFile; fileRef = 4543B4BC24C81C3F00081BB5 /* RecordingsView.swift */; };
		4543B4BF24C9052A00081BB5 /* Snippet.swift in Sources */ = {isa = PBXBuildFile; fileRef = 4543B4BE24C9052A00081BB5 /* Snippet.swift */; };
		4543B4C124C905E800081BB5 /* RecordingsManager.swift in Sources */ = {isa = PBXBuildFile; fileRef = 4543B4C024C905E800081BB5 /* RecordingsManager.swift */; };
		4543B4C324C90D9E00081BB5 /* RecordingsViewCell.swift in Sources */ = {isa = PBXBuildFile; fileRef = 4543B4C224C90D9E00081BB5 /* RecordingsViewCell.swift */; };
		4553FA3424E0A443004A53FB /* Recording.swift in Sources */ = {isa = PBXBuildFile; fileRef = 4553FA3324E0A443004A53FB /* Recording.swift */; };
		4553FA3924E0A4E2004A53FB /* GenerateID.swift in Sources */ = {isa = PBXBuildFile; fileRef = 4553FA3824E0A4E2004A53FB /* GenerateID.swift */; };
		4553FA3D24E2256B004A53FB /* Sockets.swift in Sources */ = {isa = PBXBuildFile; fileRef = 4553FA3C24E2256B004A53FB /* Sockets.swift */; };
		4553FA3F24EC56EB004A53FB /* UserInfo.swift in Sources */ = {isa = PBXBuildFile; fileRef = 4553FA3E24EC56EB004A53FB /* UserInfo.swift */; };
		4553FA4124EC5BE6004A53FB /* Requests.swift in Sources */ = {isa = PBXBuildFile; fileRef = 4553FA4024EC5BE6004A53FB /* Requests.swift */; };
		4553FA4324EC5C80004A53FB /* SignInTokens.swift in Sources */ = {isa = PBXBuildFile; fileRef = 4553FA4224EC5C80004A53FB /* SignInTokens.swift */; };
		45C331AD24CE20DB00888853 /* TrackView.swift in Sources */ = {isa = PBXBuildFile; fileRef = 45C331AC24CE20DB00888853 /* TrackView.swift */; };
		45C331AF24CE219D00888853 /* TrackViewCell.swift in Sources */ = {isa = PBXBuildFile; fileRef = 45C331AE24CE219D00888853 /* TrackViewCell.swift */; };
		F177B882107850D40FC41DDD /* Pods_Snippet.framework in Frameworks */ = {isa = PBXBuildFile; fileRef = 1085902E2C6288547A221C9F /* Pods_Snippet.framework */; };
/* End PBXBuildFile section */

/* Begin PBXFileReference section */
		1085902E2C6288547A221C9F /* Pods_Snippet.framework */ = {isa = PBXFileReference; explicitFileType = wrapper.framework; includeInIndex = 0; path = Pods_Snippet.framework; sourceTree = BUILT_PRODUCTS_DIR; };
		450B184624EE3C3700828570 /* AddTrackCell.swift */ = {isa = PBXFileReference; lastKnownFileType = sourcecode.swift; path = AddTrackCell.swift; sourceTree = "<group>"; };
		4543B49D24C4E5AF00081BB5 /* Snippet.app */ = {isa = PBXFileReference; explicitFileType = wrapper.application; includeInIndex = 0; path = Snippet.app; sourceTree = BUILT_PRODUCTS_DIR; };
		4543B4A024C4E5AF00081BB5 /* AppDelegate.swift */ = {isa = PBXFileReference; lastKnownFileType = sourcecode.swift; path = AppDelegate.swift; sourceTree = "<group>"; };
		4543B4A224C4E5AF00081BB5 /* SceneDelegate.swift */ = {isa = PBXFileReference; lastKnownFileType = sourcecode.swift; path = SceneDelegate.swift; sourceTree = "<group>"; };
		4543B4A424C4E5AF00081BB5 /* ViewController.swift */ = {isa = PBXFileReference; lastKnownFileType = sourcecode.swift; path = ViewController.swift; sourceTree = "<group>"; };
		4543B4A924C4E5B300081BB5 /* Assets.xcassets */ = {isa = PBXFileReference; lastKnownFileType = folder.assetcatalog; path = Assets.xcassets; sourceTree = "<group>"; };
		4543B4AC24C4E5B300081BB5 /* Base */ = {isa = PBXFileReference; lastKnownFileType = file.storyboard; name = Base; path = Base.lproj/LaunchScreen.storyboard; sourceTree = "<group>"; };
		4543B4AE24C4E5B300081BB5 /* Info.plist */ = {isa = PBXFileReference; lastKnownFileType = text.plist.xml; path = Info.plist; sourceTree = "<group>"; };
		4543B4B424C4EDA600081BB5 /* Colors.swift */ = {isa = PBXFileReference; lastKnownFileType = sourcecode.swift; path = Colors.swift; sourceTree = "<group>"; };
		4543B4B624C4F4F100081BB5 /* Sizing.swift */ = {isa = PBXFileReference; lastKnownFileType = sourcecode.swift; path = Sizing.swift; sourceTree = "<group>"; };
		4543B4BC24C81C3F00081BB5 /* RecordingsView.swift */ = {isa = PBXFileReference; lastKnownFileType = sourcecode.swift; path = RecordingsView.swift; sourceTree = "<group>"; };
		4543B4BE24C9052A00081BB5 /* Snippet.swift */ = {isa = PBXFileReference; lastKnownFileType = sourcecode.swift; path = Snippet.swift; sourceTree = "<group>"; };
		4543B4C024C905E800081BB5 /* RecordingsManager.swift */ = {isa = PBXFileReference; lastKnownFileType = sourcecode.swift; path = RecordingsManager.swift; sourceTree = "<group>"; };
		4543B4C224C90D9E00081BB5 /* RecordingsViewCell.swift */ = {isa = PBXFileReference; lastKnownFileType = sourcecode.swift; path = RecordingsViewCell.swift; sourceTree = "<group>"; };
		4553FA3324E0A443004A53FB /* Recording.swift */ = {isa = PBXFileReference; lastKnownFileType = sourcecode.swift; path = Recording.swift; sourceTree = "<group>"; };
		4553FA3824E0A4E2004A53FB /* GenerateID.swift */ = {isa = PBXFileReference; lastKnownFileType = sourcecode.swift; path = GenerateID.swift; sourceTree = "<group>"; };
		4553FA3C24E2256B004A53FB /* Sockets.swift */ = {isa = PBXFileReference; lastKnownFileType = sourcecode.swift; path = Sockets.swift; sourceTree = "<group>"; };
		4553FA3E24EC56EB004A53FB /* UserInfo.swift */ = {isa = PBXFileReference; lastKnownFileType = sourcecode.swift; path = UserInfo.swift; sourceTree = "<group>"; };
		4553FA4024EC5BE6004A53FB /* Requests.swift */ = {isa = PBXFileReference; lastKnownFileType = sourcecode.swift; path = Requests.swift; sourceTree = "<group>"; };
		4553FA4224EC5C80004A53FB /* SignInTokens.swift */ = {isa = PBXFileReference; lastKnownFileType = sourcecode.swift; path = SignInTokens.swift; sourceTree = "<group>"; };
		45C331AC24CE20DB00888853 /* TrackView.swift */ = {isa = PBXFileReference; lastKnownFileType = sourcecode.swift; path = TrackView.swift; sourceTree = "<group>"; };
		45C331AE24CE219D00888853 /* TrackViewCell.swift */ = {isa = PBXFileReference; lastKnownFileType = sourcecode.swift; path = TrackViewCell.swift; sourceTree = "<group>"; };
		5A864324DCF50BE9D8E3ACA5 /* Pods-Snippet.debug.xcconfig */ = {isa = PBXFileReference; includeInIndex = 1; lastKnownFileType = text.xcconfig; name = "Pods-Snippet.debug.xcconfig"; path = "Target Support Files/Pods-Snippet/Pods-Snippet.debug.xcconfig"; sourceTree = "<group>"; };
		B21A96314A208D881C74610F /* Pods-Snippet.release.xcconfig */ = {isa = PBXFileReference; includeInIndex = 1; lastKnownFileType = text.xcconfig; name = "Pods-Snippet.release.xcconfig"; path = "Target Support Files/Pods-Snippet/Pods-Snippet.release.xcconfig"; sourceTree = "<group>"; };
/* End PBXFileReference section */

/* Begin PBXFrameworksBuildPhase section */
		4543B49A24C4E5AF00081BB5 /* Frameworks */ = {
			isa = PBXFrameworksBuildPhase;
			buildActionMask = 2147483647;
			files = (
				F177B882107850D40FC41DDD /* Pods_Snippet.framework in Frameworks */,
			);
			runOnlyForDeploymentPostprocessing = 0;
		};
/* End PBXFrameworksBuildPhase section */

/* Begin PBXGroup section */
		4543B49424C4E5AF00081BB5 = {
			isa = PBXGroup;
			children = (
				4543B49F24C4E5AF00081BB5 /* Snippet */,
				4543B49E24C4E5AF00081BB5 /* Products */,
				EC1E2C68E520544370FD323D /* Pods */,
				786A6FEA9BD41D3CFEC0A1FE /* Frameworks */,
			);
			sourceTree = "<group>";
		};
		4543B49E24C4E5AF00081BB5 /* Products */ = {
			isa = PBXGroup;
			children = (
				4543B49D24C4E5AF00081BB5 /* Snippet.app */,
			);
			name = Products;
			sourceTree = "<group>";
		};
		4543B49F24C4E5AF00081BB5 /* Snippet */ = {
			isa = PBXGroup;
			children = (
				4543B4A024C4E5AF00081BB5 /* AppDelegate.swift */,
				4543B4A224C4E5AF00081BB5 /* SceneDelegate.swift */,
				45C331AB24CE149F00888853 /* RecordingsView */,
				45C331B024CE21B500888853 /* TrackView */,
				4543B4C024C905E800081BB5 /* RecordingsManager.swift */,
				4543B4A424C4E5AF00081BB5 /* ViewController.swift */,
				45C331B124CE21CA00888853 /* Structs */,
				4543B4B924C4F74700081BB5 /* UI */,
				4553FA3724E0A4C7004A53FB /* Util */,
				4543B4A924C4E5B300081BB5 /* Assets.xcassets */,
				4543B4AB24C4E5B300081BB5 /* LaunchScreen.storyboard */,
				4543B4AE24C4E5B300081BB5 /* Info.plist */,
				4553FA3C24E2256B004A53FB /* Sockets.swift */,
				4553FA4024EC5BE6004A53FB /* Requests.swift */,
				4553FA4224EC5C80004A53FB /* SignInTokens.swift */,
				4553FA3E24EC56EB004A53FB /* UserInfo.swift */,
			);
			path = Snippet;
			sourceTree = "<group>";
		};
		4543B4B924C4F74700081BB5 /* UI */ = {
			isa = PBXGroup;
			children = (
				4543B4B624C4F4F100081BB5 /* Sizing.swift */,
				4543B4B424C4EDA600081BB5 /* Colors.swift */,
			);
			name = UI;
			sourceTree = "<group>";
		};
		4553FA3724E0A4C7004A53FB /* Util */ = {
			isa = PBXGroup;
			children = (
				4553FA3824E0A4E2004A53FB /* GenerateID.swift */,
			);
			name = Util;
			sourceTree = "<group>";
		};
		45C331AB24CE149F00888853 /* RecordingsView */ = {
			isa = PBXGroup;
			children = (
				4543B4BC24C81C3F00081BB5 /* RecordingsView.swift */,
				4543B4C224C90D9E00081BB5 /* RecordingsViewCell.swift */,
			);
			name = RecordingsView;
			sourceTree = "<group>";
		};
		45C331B024CE21B500888853 /* TrackView */ = {
			isa = PBXGroup;
			children = (
				45C331AC24CE20DB00888853 /* TrackView.swift */,
				45C331AE24CE219D00888853 /* TrackViewCell.swift */,
				450B184624EE3C3700828570 /* AddTrackCell.swift */,
			);
			name = TrackView;
			sourceTree = "<group>";
		};
		45C331B124CE21CA00888853 /* Structs */ = {
			isa = PBXGroup;
			children = (
				4543B4BE24C9052A00081BB5 /* Snippet.swift */,
				4553FA3324E0A443004A53FB /* Recording.swift */,
			);
			name = Structs;
			sourceTree = "<group>";
		};
		786A6FEA9BD41D3CFEC0A1FE /* Frameworks */ = {
			isa = PBXGroup;
			children = (
				1085902E2C6288547A221C9F /* Pods_Snippet.framework */,
			);
			name = Frameworks;
			sourceTree = "<group>";
		};
		EC1E2C68E520544370FD323D /* Pods */ = {
			isa = PBXGroup;
			children = (
				5A864324DCF50BE9D8E3ACA5 /* Pods-Snippet.debug.xcconfig */,
				B21A96314A208D881C74610F /* Pods-Snippet.release.xcconfig */,
			);
			path = Pods;
			sourceTree = "<group>";
		};
/* End PBXGroup section */

/* Begin PBXNativeTarget section */
		4543B49C24C4E5AF00081BB5 /* Snippet */ = {
			isa = PBXNativeTarget;
			buildConfigurationList = 4543B4B124C4E5B300081BB5 /* Build configuration list for PBXNativeTarget "Snippet" */;
			buildPhases = (
				0B5BED8DF317C619C8438177 /* [CP] Check Pods Manifest.lock */,
				4543B49924C4E5AF00081BB5 /* Sources */,
				4543B49A24C4E5AF00081BB5 /* Frameworks */,
				4543B49B24C4E5AF00081BB5 /* Resources */,
				4172D5A885E2AD926BF85FE9 /* [CP] Embed Pods Frameworks */,
			);
			buildRules = (
			);
			dependencies = (
			);
			name = Snippet;
			productName = Snippet;
			productReference = 4543B49D24C4E5AF00081BB5 /* Snippet.app */;
			productType = "com.apple.product-type.application";
		};
/* End PBXNativeTarget section */

/* Begin PBXProject section */
		4543B49524C4E5AF00081BB5 /* Project object */ = {
			isa = PBXProject;
			attributes = {
				LastSwiftUpdateCheck = 1150;
				LastUpgradeCheck = 1150;
				ORGANIZATIONNAME = "Eli Zhang";
				TargetAttributes = {
					4543B49C24C4E5AF00081BB5 = {
						CreatedOnToolsVersion = 11.5;
					};
				};
			};
			buildConfigurationList = 4543B49824C4E5AF00081BB5 /* Build configuration list for PBXProject "Snippet" */;
			compatibilityVersion = "Xcode 9.3";
			developmentRegion = en;
			hasScannedForEncodings = 0;
			knownRegions = (
				en,
				Base,
			);
			mainGroup = 4543B49424C4E5AF00081BB5;
			productRefGroup = 4543B49E24C4E5AF00081BB5 /* Products */;
			projectDirPath = "";
			projectRoot = "";
			targets = (
				4543B49C24C4E5AF00081BB5 /* Snippet */,
			);
		};
/* End PBXProject section */

/* Begin PBXResourcesBuildPhase section */
		4543B49B24C4E5AF00081BB5 /* Resources */ = {
			isa = PBXResourcesBuildPhase;
			buildActionMask = 2147483647;
			files = (
				4543B4AD24C4E5B300081BB5 /* LaunchScreen.storyboard in Resources */,
				4543B4AA24C4E5B300081BB5 /* Assets.xcassets in Resources */,
			);
			runOnlyForDeploymentPostprocessing = 0;
		};
/* End PBXResourcesBuildPhase section */

/* Begin PBXShellScriptBuildPhase section */
		0B5BED8DF317C619C8438177 /* [CP] Check Pods Manifest.lock */ = {
			isa = PBXShellScriptBuildPhase;
			buildActionMask = 2147483647;
			files = (
			);
			inputFileListPaths = (
			);
			inputPaths = (
				"${PODS_PODFILE_DIR_PATH}/Podfile.lock",
				"${PODS_ROOT}/Manifest.lock",
			);
			name = "[CP] Check Pods Manifest.lock";
			outputFileListPaths = (
			);
			outputPaths = (
				"$(DERIVED_FILE_DIR)/Pods-Snippet-checkManifestLockResult.txt",
			);
			runOnlyForDeploymentPostprocessing = 0;
			shellPath = /bin/sh;
			shellScript = "diff \"${PODS_PODFILE_DIR_PATH}/Podfile.lock\" \"${PODS_ROOT}/Manifest.lock\" > /dev/null\nif [ $? != 0 ] ; then\n    # print error to STDERR\n    echo \"error: The sandbox is not in sync with the Podfile.lock. Run 'pod install' or update your CocoaPods installation.\" >&2\n    exit 1\nfi\n# This output is used by Xcode 'outputs' to avoid re-running this script phase.\necho \"SUCCESS\" > \"${SCRIPT_OUTPUT_FILE_0}\"\n";
			showEnvVarsInLog = 0;
		};
		4172D5A885E2AD926BF85FE9 /* [CP] Embed Pods Frameworks */ = {
			isa = PBXShellScriptBuildPhase;
			buildActionMask = 2147483647;
			files = (
			);
			inputFileListPaths = (
				"${PODS_ROOT}/Target Support Files/Pods-Snippet/Pods-Snippet-frameworks-${CONFIGURATION}-input-files.xcfilelist",
			);
			name = "[CP] Embed Pods Frameworks";
			outputFileListPaths = (
				"${PODS_ROOT}/Target Support Files/Pods-Snippet/Pods-Snippet-frameworks-${CONFIGURATION}-output-files.xcfilelist",
			);
			runOnlyForDeploymentPostprocessing = 0;
			shellPath = /bin/sh;
			shellScript = "\"${PODS_ROOT}/Target Support Files/Pods-Snippet/Pods-Snippet-frameworks.sh\"\n";
			showEnvVarsInLog = 0;
		};
/* End PBXShellScriptBuildPhase section */

/* Begin PBXSourcesBuildPhase section */
		4543B49924C4E5AF00081BB5 /* Sources */ = {
			isa = PBXSourcesBuildPhase;
			buildActionMask = 2147483647;
			files = (
				4543B4A524C4E5AF00081BB5 /* ViewController.swift in Sources */,
				450B184724EE3C3700828570 /* AddTrackCell.swift in Sources */,
				4543B4C124C905E800081BB5 /* RecordingsManager.swift in Sources */,
				45C331AD24CE20DB00888853 /* TrackView.swift in Sources */,
				4553FA4324EC5C80004A53FB /* SignInTokens.swift in Sources */,
				4553FA3924E0A4E2004A53FB /* GenerateID.swift in Sources */,
				4543B4BF24C9052A00081BB5 /* Snippet.swift in Sources */,
				4553FA4124EC5BE6004A53FB /* Requests.swift in Sources */,
				4543B4B724C4F4F100081BB5 /* Sizing.swift in Sources */,
				4553FA3D24E2256B004A53FB /* Sockets.swift in Sources */,
				45C331AF24CE219D00888853 /* TrackViewCell.swift in Sources */,
				4543B4BD24C81C3F00081BB5 /* RecordingsView.swift in Sources */,
				4553FA3424E0A443004A53FB /* Recording.swift in Sources */,
				4543B4B524C4EDA600081BB5 /* Colors.swift in Sources */,
				4543B4A124C4E5AF00081BB5 /* AppDelegate.swift in Sources */,
				4543B4A324C4E5AF00081BB5 /* SceneDelegate.swift in Sources */,
				4553FA3F24EC56EB004A53FB /* UserInfo.swift in Sources */,
				4543B4C324C90D9E00081BB5 /* RecordingsViewCell.swift in Sources */,
			);
			runOnlyForDeploymentPostprocessing = 0;
		};
/* End PBXSourcesBuildPhase section */

/* Begin PBXVariantGroup section */
		4543B4AB24C4E5B300081BB5 /* LaunchScreen.storyboard */ = {
			isa = PBXVariantGroup;
			children = (
				4543B4AC24C4E5B300081BB5 /* Base */,
			);
			name = LaunchScreen.storyboard;
			sourceTree = "<group>";
		};
/* End PBXVariantGroup section */

/* Begin XCBuildConfiguration section */
		4543B4AF24C4E5B300081BB5 /* Debug */ = {
			isa = XCBuildConfiguration;
			buildSettings = {
				ALWAYS_SEARCH_USER_PATHS = NO;
				CLANG_ANALYZER_NONNULL = YES;
				CLANG_ANALYZER_NUMBER_OBJECT_CONVERSION = YES_AGGRESSIVE;
				CLANG_CXX_LANGUAGE_STANDARD = "gnu++14";
				CLANG_CXX_LIBRARY = "libc++";
				CLANG_ENABLE_MODULES = YES;
				CLANG_ENABLE_OBJC_ARC = YES;
				CLANG_ENABLE_OBJC_WEAK = YES;
				CLANG_WARN_BLOCK_CAPTURE_AUTORELEASING = YES;
				CLANG_WARN_BOOL_CONVERSION = YES;
				CLANG_WARN_COMMA = YES;
				CLANG_WARN_CONSTANT_CONVERSION = YES;
				CLANG_WARN_DEPRECATED_OBJC_IMPLEMENTATIONS = YES;
				CLANG_WARN_DIRECT_OBJC_ISA_USAGE = YES_ERROR;
				CLANG_WARN_DOCUMENTATION_COMMENTS = YES;
				CLANG_WARN_EMPTY_BODY = YES;
				CLANG_WARN_ENUM_CONVERSION = YES;
				CLANG_WARN_INFINITE_RECURSION = YES;
				CLANG_WARN_INT_CONVERSION = YES;
				CLANG_WARN_NON_LITERAL_NULL_CONVERSION = YES;
				CLANG_WARN_OBJC_IMPLICIT_RETAIN_SELF = YES;
				CLANG_WARN_OBJC_LITERAL_CONVERSION = YES;
				CLANG_WARN_OBJC_ROOT_CLASS = YES_ERROR;
				CLANG_WARN_RANGE_LOOP_ANALYSIS = YES;
				CLANG_WARN_STRICT_PROTOTYPES = YES;
				CLANG_WARN_SUSPICIOUS_MOVE = YES;
				CLANG_WARN_UNGUARDED_AVAILABILITY = YES_AGGRESSIVE;
				CLANG_WARN_UNREACHABLE_CODE = YES;
				CLANG_WARN__DUPLICATE_METHOD_MATCH = YES;
				COPY_PHASE_STRIP = NO;
				DEBUG_INFORMATION_FORMAT = dwarf;
				ENABLE_STRICT_OBJC_MSGSEND = YES;
				ENABLE_TESTABILITY = YES;
				GCC_C_LANGUAGE_STANDARD = gnu11;
				GCC_DYNAMIC_NO_PIC = NO;
				GCC_NO_COMMON_BLOCKS = YES;
				GCC_OPTIMIZATION_LEVEL = 0;
				GCC_PREPROCESSOR_DEFINITIONS = (
					"DEBUG=1",
					"$(inherited)",
				);
				GCC_WARN_64_TO_32_BIT_CONVERSION = YES;
				GCC_WARN_ABOUT_RETURN_TYPE = YES_ERROR;
				GCC_WARN_UNDECLARED_SELECTOR = YES;
				GCC_WARN_UNINITIALIZED_AUTOS = YES_AGGRESSIVE;
				GCC_WARN_UNUSED_FUNCTION = YES;
				GCC_WARN_UNUSED_VARIABLE = YES;
				IPHONEOS_DEPLOYMENT_TARGET = 13.5;
				MTL_ENABLE_DEBUG_INFO = INCLUDE_SOURCE;
				MTL_FAST_MATH = YES;
				ONLY_ACTIVE_ARCH = YES;
				SDKROOT = iphoneos;
				SWIFT_ACTIVE_COMPILATION_CONDITIONS = DEBUG;
				SWIFT_OPTIMIZATION_LEVEL = "-Onone";
			};
			name = Debug;
		};
		4543B4B024C4E5B300081BB5 /* Release */ = {
			isa = XCBuildConfiguration;
			buildSettings = {
				ALWAYS_SEARCH_USER_PATHS = NO;
				CLANG_ANALYZER_NONNULL = YES;
				CLANG_ANALYZER_NUMBER_OBJECT_CONVERSION = YES_AGGRESSIVE;
				CLANG_CXX_LANGUAGE_STANDARD = "gnu++14";
				CLANG_CXX_LIBRARY = "libc++";
				CLANG_ENABLE_MODULES = YES;
				CLANG_ENABLE_OBJC_ARC = YES;
				CLANG_ENABLE_OBJC_WEAK = YES;
				CLANG_WARN_BLOCK_CAPTURE_AUTORELEASING = YES;
				CLANG_WARN_BOOL_CONVERSION = YES;
				CLANG_WARN_COMMA = YES;
				CLANG_WARN_CONSTANT_CONVERSION = YES;
				CLANG_WARN_DEPRECATED_OBJC_IMPLEMENTATIONS = YES;
				CLANG_WARN_DIRECT_OBJC_ISA_USAGE = YES_ERROR;
				CLANG_WARN_DOCUMENTATION_COMMENTS = YES;
				CLANG_WARN_EMPTY_BODY = YES;
				CLANG_WARN_ENUM_CONVERSION = YES;
				CLANG_WARN_INFINITE_RECURSION = YES;
				CLANG_WARN_INT_CONVERSION = YES;
				CLANG_WARN_NON_LITERAL_NULL_CONVERSION = YES;
				CLANG_WARN_OBJC_IMPLICIT_RETAIN_SELF = YES;
				CLANG_WARN_OBJC_LITERAL_CONVERSION = YES;
				CLANG_WARN_OBJC_ROOT_CLASS = YES_ERROR;
				CLANG_WARN_RANGE_LOOP_ANALYSIS = YES;
				CLANG_WARN_STRICT_PROTOTYPES = YES;
				CLANG_WARN_SUSPICIOUS_MOVE = YES;
				CLANG_WARN_UNGUARDED_AVAILABILITY = YES_AGGRESSIVE;
				CLANG_WARN_UNREACHABLE_CODE = YES;
				CLANG_WARN__DUPLICATE_METHOD_MATCH = YES;
				COPY_PHASE_STRIP = NO;
				DEBUG_INFORMATION_FORMAT = "dwarf-with-dsym";
				ENABLE_NS_ASSERTIONS = NO;
				ENABLE_STRICT_OBJC_MSGSEND = YES;
				GCC_C_LANGUAGE_STANDARD = gnu11;
				GCC_NO_COMMON_BLOCKS = YES;
				GCC_WARN_64_TO_32_BIT_CONVERSION = YES;
				GCC_WARN_ABOUT_RETURN_TYPE = YES_ERROR;
				GCC_WARN_UNDECLARED_SELECTOR = YES;
				GCC_WARN_UNINITIALIZED_AUTOS = YES_AGGRESSIVE;
				GCC_WARN_UNUSED_FUNCTION = YES;
				GCC_WARN_UNUSED_VARIABLE = YES;
				IPHONEOS_DEPLOYMENT_TARGET = 13.5;
				MTL_ENABLE_DEBUG_INFO = NO;
				MTL_FAST_MATH = YES;
				SDKROOT = iphoneos;
				SWIFT_COMPILATION_MODE = wholemodule;
				SWIFT_OPTIMIZATION_LEVEL = "-O";
				VALIDATE_PRODUCT = YES;
			};
			name = Release;
		};
		4543B4B224C4E5B300081BB5 /* Debug */ = {
			isa = XCBuildConfiguration;
			baseConfigurationReference = 5A864324DCF50BE9D8E3ACA5 /* Pods-Snippet.debug.xcconfig */;
			buildSettings = {
				ASSETCATALOG_COMPILER_APPICON_NAME = AppIcon;
				CODE_SIGN_STYLE = Automatic;
				DEVELOPMENT_TEAM = 37AKFHT6H5;
				INFOPLIST_FILE = Snippet/Info.plist;
				IPHONEOS_DEPLOYMENT_TARGET = 13.0;
				LD_RUNPATH_SEARCH_PATHS = (
					"$(inherited)",
					"@executable_path/Frameworks",
				);
				PRODUCT_BUNDLE_IDENTIFIER = com.elizhang.Snippet;
				PRODUCT_NAME = "$(TARGET_NAME)";
				SWIFT_VERSION = 5.0;
				TARGETED_DEVICE_FAMILY = "1,2";
			};
			name = Debug;
		};
		4543B4B324C4E5B300081BB5 /* Release */ = {
			isa = XCBuildConfiguration;
			baseConfigurationReference = B21A96314A208D881C74610F /* Pods-Snippet.release.xcconfig */;
			buildSettings = {
				ASSETCATALOG_COMPILER_APPICON_NAME = AppIcon;
				CODE_SIGN_STYLE = Automatic;
				DEVELOPMENT_TEAM = 37AKFHT6H5;
				INFOPLIST_FILE = Snippet/Info.plist;
				IPHONEOS_DEPLOYMENT_TARGET = 13.0;
				LD_RUNPATH_SEARCH_PATHS = (
					"$(inherited)",
					"@executable_path/Frameworks",
				);
				PRODUCT_BUNDLE_IDENTIFIER = com.elizhang.Snippet;
				PRODUCT_NAME = "$(TARGET_NAME)";
				SWIFT_VERSION = 5.0;
				TARGETED_DEVICE_FAMILY = "1,2";
			};
			name = Release;
		};
/* End XCBuildConfiguration section */

/* Begin XCConfigurationList section */
		4543B49824C4E5AF00081BB5 /* Build configuration list for PBXProject "Snippet" */ = {
			isa = XCConfigurationList;
			buildConfigurations = (
				4543B4AF24C4E5B300081BB5 /* Debug */,
				4543B4B024C4E5B300081BB5 /* Release */,
			);
			defaultConfigurationIsVisible = 0;
			defaultConfigurationName = Release;
		};
		4543B4B124C4E5B300081BB5 /* Build configuration list for PBXNativeTarget "Snippet" */ = {
			isa = XCConfigurationList;
			buildConfigurations = (
				4543B4B224C4E5B300081BB5 /* Debug */,
				4543B4B324C4E5B300081BB5 /* Release */,
			);
			defaultConfigurationIsVisible = 0;
			defaultConfigurationName = Release;
		};
/* End XCConfigurationList section */
	};
	rootObject = 4543B49524C4E5AF00081BB5 /* Project object */;
}
